
Microsoft Visual Studio Solution File, Format Version 12.00
# Visual Studio 15
VisualStudioVersion = 15.0.26430.16
MinimumVisualStudioVersion = 10.0.40219.1
Project("{FAE04EC0-301F-11D3-BF4B-00C04F79EFBC}") = "OLX", "OLX\OLX.csproj", "{7396E65F-D512-4F43-B14A-FC7E57C17EBE}"
EndProject
Global
	GlobalSection(SolutionConfigurationPlatforms) = preSolution
		Debug|Any CPU = Debug|Any CPU
		Release|Any CPU = Release|Any CPU
	EndGlobalSection
	GlobalSection(ProjectConfigurationPlatforms) = postSolution
		{7396E65F-D512-4F43-B14A-FC7E57C17EBE}.Debug|Any CPU.ActiveCfg = Debug|Any CPU
		{7396E65F-D512-4F43-B14A-FC7E57C17EBE}.Debug|Any CPU.Build.0 = Debug|Any CPU
		{7396E65F-D512-4F43-B14A-FC7E57C17EBE}.Release|Any CPU.ActiveCfg = Release|Any CPU
		{7396E65F-D512-4F43-B14A-FC7E57C17EBE}.Release|Any CPU.Build.0 = Release|Any CPU
	EndGlobalSection
	GlobalSection(SolutionProperties) = preSolution
		HideSolutionNode = FALSE
	EndGlobalSection
EndGlobal
